// !$*UTF8*$!
{
	archiveVersion = 1;
	classes = {
	};
	objectVersion = 56;
	objects = {

/* Begin PBXBuildFile section */
		2DC6E9DB2B7B5DAD003C74AD /* AppDelegate.swift in Sources */ = {isa = PBXBuildFile; fileRef = 2DC6E9DA2B7B5DAD003C74AD /* AppDelegate.swift */; };
		2DC6E9DD2B7B5DAD003C74AD /* SceneDelegate.swift in Sources */ = {isa = PBXBuildFile; fileRef = 2DC6E9DC2B7B5DAD003C74AD /* SceneDelegate.swift */; };
		2DC6E9E42B7B5DB1003C74AD /* Assets.xcassets in Resources */ = {isa = PBXBuildFile; fileRef = 2DC6E9E32B7B5DB1003C74AD /* Assets.xcassets */; };
		2DC6E9E72B7B5DB1003C74AD /* LaunchScreen.storyboard in Resources */ = {isa = PBXBuildFile; fileRef = 2DC6E9E52B7B5DB1003C74AD /* LaunchScreen.storyboard */; };
		2DC6E9F52B7B616A003C74AD /* LoadingScreenView.swift in Sources */ = {isa = PBXBuildFile; fileRef = 2DC6E9F42B7B616A003C74AD /* LoadingScreenView.swift */; };
		2DC6E9F72B7B618E003C74AD /* LoadingScreenPresenter.swift in Sources */ = {isa = PBXBuildFile; fileRef = 2DC6E9F62B7B618E003C74AD /* LoadingScreenPresenter.swift */; };
		2DC6E9FB2B7B646C003C74AD /* UIView + Extension.swift in Sources */ = {isa = PBXBuildFile; fileRef = 2DC6E9FA2B7B646C003C74AD /* UIView + Extension.swift */; };
		2DC6E9FE2B7B6736003C74AD /* LoadingScreenRouter.swift in Sources */ = {isa = PBXBuildFile; fileRef = 2DC6E9FD2B7B6736003C74AD /* LoadingScreenRouter.swift */; };
/* End PBXBuildFile section */

/* Begin PBXFileReference section */
		2DC6E9D72B7B5DAD003C74AD /* MemoryQuest.app */ = {isa = PBXFileReference; explicitFileType = wrapper.application; includeInIndex = 0; path = MemoryQuest.app; sourceTree = BUILT_PRODUCTS_DIR; };
		2DC6E9DA2B7B5DAD003C74AD /* AppDelegate.swift */ = {isa = PBXFileReference; lastKnownFileType = sourcecode.swift; path = AppDelegate.swift; sourceTree = "<group>"; };
		2DC6E9DC2B7B5DAD003C74AD /* SceneDelegate.swift */ = {isa = PBXFileReference; lastKnownFileType = sourcecode.swift; path = SceneDelegate.swift; sourceTree = "<group>"; };
		2DC6E9E32B7B5DB1003C74AD /* Assets.xcassets */ = {isa = PBXFileReference; lastKnownFileType = folder.assetcatalog; path = Assets.xcassets; sourceTree = "<group>"; };
		2DC6E9E62B7B5DB1003C74AD /* Base */ = {isa = PBXFileReference; lastKnownFileType = file.storyboard; name = Base; path = Base.lproj/LaunchScreen.storyboard; sourceTree = "<group>"; };
		2DC6E9E82B7B5DB1003C74AD /* Info.plist */ = {isa = PBXFileReference; lastKnownFileType = text.plist.xml; path = Info.plist; sourceTree = "<group>"; };
		2DC6E9F42B7B616A003C74AD /* LoadingScreenView.swift */ = {isa = PBXFileReference; lastKnownFileType = sourcecode.swift; path = LoadingScreenView.swift; sourceTree = "<group>"; };
		2DC6E9F62B7B618E003C74AD /* LoadingScreenPresenter.swift */ = {isa = PBXFileReference; lastKnownFileType = sourcecode.swift; path = LoadingScreenPresenter.swift; sourceTree = "<group>"; };
		2DC6E9FA2B7B646C003C74AD /* UIView + Extension.swift */ = {isa = PBXFileReference; lastKnownFileType = sourcecode.swift; path = "UIView + Extension.swift"; sourceTree = "<group>"; };
		2DC6E9FD2B7B6736003C74AD /* LoadingScreenRouter.swift */ = {isa = PBXFileReference; lastKnownFileType = sourcecode.swift; path = LoadingScreenRouter.swift; sourceTree = "<group>"; };
/* End PBXFileReference section */

/* Begin PBXFrameworksBuildPhase section */
		2DC6E9D42B7B5DAD003C74AD /* Frameworks */ = {
			isa = PBXFrameworksBuildPhase;
			buildActionMask = 2147483647;
			files = (
			);
			runOnlyForDeploymentPostprocessing = 0;
		};
/* End PBXFrameworksBuildPhase section */

/* Begin PBXGroup section */
		2DC6E9CE2B7B5DAD003C74AD = {
			isa = PBXGroup;
			children = (
				2DC6E9D92B7B5DAD003C74AD /* MemoryQuest */,
				2DC6E9D82B7B5DAD003C74AD /* Products */,
			);
			sourceTree = "<group>";
		};
		2DC6E9D82B7B5DAD003C74AD /* Products */ = {
			isa = PBXGroup;
			children = (
				2DC6E9D72B7B5DAD003C74AD /* MemoryQuest.app */,
			);
			name = Products;
			sourceTree = "<group>";
		};
		2DC6E9D92B7B5DAD003C74AD /* MemoryQuest */ = {
			isa = PBXGroup;
			children = (
				2DC6E9F82B7B6440003C74AD /* Support */,
				2DC6E9EE2B7B60E4003C74AD /* Common */,
				2DC6E9F12B7B6123003C74AD /* Modules */,
				2DC6E9EF2B7B6100003C74AD /* Source */,
				2DC6E9E82B7B5DB1003C74AD /* Info.plist */,
			);
			path = MemoryQuest;
			sourceTree = "<group>";
		};
		2DC6E9EE2B7B60E4003C74AD /* Common */ = {
			isa = PBXGroup;
			children = (
				2DC6E9DA2B7B5DAD003C74AD /* AppDelegate.swift */,
				2DC6E9DC2B7B5DAD003C74AD /* SceneDelegate.swift */,
			);
			path = Common;
			sourceTree = "<group>";
		};
		2DC6E9EF2B7B6100003C74AD /* Source */ = {
			isa = PBXGroup;
			children = (
				2DC6E9E32B7B5DB1003C74AD /* Assets.xcassets */,
				2DC6E9E52B7B5DB1003C74AD /* LaunchScreen.storyboard */,
			);
			path = Source;
			sourceTree = "<group>";
		};
		2DC6E9F02B7B610E003C74AD /* LoadingScreen */ = {
			isa = PBXGroup;
			children = (
				2DC6E9F22B7B613F003C74AD /* view */,
				2DC6E9F32B7B6146003C74AD /* presenter */,
				2DC6E9FC2B7B670B003C74AD /* router */,
			);
			path = LoadingScreen;
			sourceTree = "<group>";
		};
		2DC6E9F12B7B6123003C74AD /* Modules */ = {
			isa = PBXGroup;
			children = (
				2DC6E9F02B7B610E003C74AD /* LoadingScreen */,
			);
			path = Modules;
			sourceTree = "<group>";
		};
		2DC6E9F22B7B613F003C74AD /* view */ = {
			isa = PBXGroup;
			children = (
				2DC6E9F42B7B616A003C74AD /* LoadingScreenView.swift */,
			);
			path = view;
			sourceTree = "<group>";
		};
		2DC6E9F32B7B6146003C74AD /* presenter */ = {
			isa = PBXGroup;
			children = (
				2DC6E9F62B7B618E003C74AD /* LoadingScreenPresenter.swift */,
			);
			path = presenter;
			sourceTree = "<group>";
		};
		2DC6E9F82B7B6440003C74AD /* Support */ = {
			isa = PBXGroup;
			children = (
				2DC6E9F92B7B644B003C74AD /* Extensions */,
			);
			path = Support;
			sourceTree = "<group>";
		};
		2DC6E9F92B7B644B003C74AD /* Extensions */ = {
			isa = PBXGroup;
			children = (
				2DC6E9FA2B7B646C003C74AD /* UIView + Extension.swift */,
			);
			path = Extensions;
			sourceTree = "<group>";
		};
		2DC6E9FC2B7B670B003C74AD /* router */ = {
			isa = PBXGroup;
			children = (
				2DC6E9FD2B7B6736003C74AD /* LoadingScreenRouter.swift */,
			);
			path = router;
			sourceTree = "<group>";
		};
/* End PBXGroup section */

/* Begin PBXNativeTarget section */
		2DC6E9D62B7B5DAD003C74AD /* MemoryQuest */ = {
			isa = PBXNativeTarget;
			buildConfigurationList = 2DC6E9EB2B7B5DB1003C74AD /* Build configuration list for PBXNativeTarget "MemoryQuest" */;
			buildPhases = (
				2DC6E9D32B7B5DAD003C74AD /* Sources */,
				2DC6E9D42B7B5DAD003C74AD /* Frameworks */,
				2DC6E9D52B7B5DAD003C74AD /* Resources */,
			);
			buildRules = (
			);
			dependencies = (
			);
			name = MemoryQuest;
			productName = MemoryQuest;
			productReference = 2DC6E9D72B7B5DAD003C74AD /* MemoryQuest.app */;
			productType = "com.apple.product-type.application";
		};
/* End PBXNativeTarget section */

/* Begin PBXProject section */
		2DC6E9CF2B7B5DAD003C74AD /* Project object */ = {
			isa = PBXProject;
			attributes = {
				BuildIndependentTargetsInParallel = 1;
				LastSwiftUpdateCheck = 1510;
				LastUpgradeCheck = 1510;
				TargetAttributes = {
					2DC6E9D62B7B5DAD003C74AD = {
						CreatedOnToolsVersion = 15.1;
					};
				};
			};
			buildConfigurationList = 2DC6E9D22B7B5DAD003C74AD /* Build configuration list for PBXProject "MemoryQuest" */;
			compatibilityVersion = "Xcode 14.0";
			developmentRegion = en;
			hasScannedForEncodings = 0;
			knownRegions = (
				en,
				Base,
			);
			mainGroup = 2DC6E9CE2B7B5DAD003C74AD;
			productRefGroup = 2DC6E9D82B7B5DAD003C74AD /* Products */;
			projectDirPath = "";
			projectRoot = "";
			targets = (
				2DC6E9D62B7B5DAD003C74AD /* MemoryQuest */,
			);
		};
/* End PBXProject section */

/* Begin PBXResourcesBuildPhase section */
		2DC6E9D52B7B5DAD003C74AD /* Resources */ = {
			isa = PBXResourcesBuildPhase;
			buildActionMask = 2147483647;
			files = (
				2DC6E9E72B7B5DB1003C74AD /* LaunchScreen.storyboard in Resources */,
				2DC6E9E42B7B5DB1003C74AD /* Assets.xcassets in Resources */,
			);
			runOnlyForDeploymentPostprocessing = 0;
		};
/* End PBXResourcesBuildPhase section */

/* Begin PBXSourcesBuildPhase section */
		2DC6E9D32B7B5DAD003C74AD /* Sources */ = {
			isa = PBXSourcesBuildPhase;
			buildActionMask = 2147483647;
			files = (
				2DC6E9DB2B7B5DAD003C74AD /* AppDelegate.swift in Sources */,
				2DC6E9F72B7B618E003C74AD /* LoadingScreenPresenter.swift in Sources */,
				2DC6E9DD2B7B5DAD003C74AD /* SceneDelegate.swift in Sources */,
				2DC6E9FE2B7B6736003C74AD /* LoadingScreenRouter.swift in Sources */,
				2DC6E9FB2B7B646C003C74AD /* UIView + Extension.swift in Sources */,
				2DC6E9F52B7B616A003C74AD /* LoadingScreenView.swift in Sources */,
			);
			runOnlyForDeploymentPostprocessing = 0;
		};
/* End PBXSourcesBuildPhase section */

/* Begin PBXVariantGroup section */
		2DC6E9E52B7B5DB1003C74AD /* LaunchScreen.storyboard */ = {
			isa = PBXVariantGroup;
			children = (
				2DC6E9E62B7B5DB1003C74AD /* Base */,
			);
			name = LaunchScreen.storyboard;
			sourceTree = "<group>";
		};
/* End PBXVariantGroup section */

/* Begin XCBuildConfiguration section */
		2DC6E9E92B7B5DB1003C74AD /* Debug */ = {
			isa = XCBuildConfiguration;
			buildSettings = {
				ALWAYS_SEARCH_USER_PATHS = NO;
				ASSETCATALOG_COMPILER_GENERATE_SWIFT_ASSET_SYMBOL_EXTENSIONS = YES;
				CLANG_ANALYZER_NONNULL = YES;
				CLANG_ANALYZER_NUMBER_OBJECT_CONVERSION = YES_AGGRESSIVE;
				CLANG_CXX_LANGUAGE_STANDARD = "gnu++20";
				CLANG_ENABLE_MODULES = YES;
				CLANG_ENABLE_OBJC_ARC = YES;
				CLANG_ENABLE_OBJC_WEAK = YES;
				CLANG_WARN_BLOCK_CAPTURE_AUTORELEASING = YES;
				CLANG_WARN_BOOL_CONVERSION = YES;
				CLANG_WARN_COMMA = YES;
				CLANG_WARN_CONSTANT_CONVERSION = YES;
				CLANG_WARN_DEPRECATED_OBJC_IMPLEMENTATIONS = YES;
				CLANG_WARN_DIRECT_OBJC_ISA_USAGE = YES_ERROR;
				CLANG_WARN_DOCUMENTATION_COMMENTS = YES;
				CLANG_WARN_EMPTY_BODY = YES;
				CLANG_WARN_ENUM_CONVERSION = YES;
				CLANG_WARN_INFINITE_RECURSION = YES;
				CLANG_WARN_INT_CONVERSION = YES;
				CLANG_WARN_NON_LITERAL_NULL_CONVERSION = YES;
				CLANG_WARN_OBJC_IMPLICIT_RETAIN_SELF = YES;
				CLANG_WARN_OBJC_LITERAL_CONVERSION = YES;
				CLANG_WARN_OBJC_ROOT_CLASS = YES_ERROR;
				CLANG_WARN_QUOTED_INCLUDE_IN_FRAMEWORK_HEADER = YES;
				CLANG_WARN_RANGE_LOOP_ANALYSIS = YES;
				CLANG_WARN_STRICT_PROTOTYPES = YES;
				CLANG_WARN_SUSPICIOUS_MOVE = YES;
				CLANG_WARN_UNGUARDED_AVAILABILITY = YES_AGGRESSIVE;
				CLANG_WARN_UNREACHABLE_CODE = YES;
				CLANG_WARN__DUPLICATE_METHOD_MATCH = YES;
				COPY_PHASE_STRIP = NO;
				DEBUG_INFORMATION_FORMAT = dwarf;
				ENABLE_STRICT_OBJC_MSGSEND = YES;
				ENABLE_TESTABILITY = YES;
				ENABLE_USER_SCRIPT_SANDBOXING = YES;
				GCC_C_LANGUAGE_STANDARD = gnu17;
				GCC_DYNAMIC_NO_PIC = NO;
				GCC_NO_COMMON_BLOCKS = YES;
				GCC_OPTIMIZATION_LEVEL = 0;
				GCC_PREPROCESSOR_DEFINITIONS = (
					"DEBUG=1",
					"$(inherited)",
				);
				GCC_WARN_64_TO_32_BIT_CONVERSION = YES;
				GCC_WARN_ABOUT_RETURN_TYPE = YES_ERROR;
				GCC_WARN_UNDECLARED_SELECTOR = YES;
				GCC_WARN_UNINITIALIZED_AUTOS = YES_AGGRESSIVE;
				GCC_WARN_UNUSED_FUNCTION = YES;
				GCC_WARN_UNUSED_VARIABLE = YES;
				IPHONEOS_DEPLOYMENT_TARGET = 17.2;
				LOCALIZATION_PREFERS_STRING_CATALOGS = YES;
				MTL_ENABLE_DEBUG_INFO = INCLUDE_SOURCE;
				MTL_FAST_MATH = YES;
				ONLY_ACTIVE_ARCH = YES;
				SDKROOT = iphoneos;
				SWIFT_ACTIVE_COMPILATION_CONDITIONS = "DEBUG $(inherited)";
				SWIFT_OPTIMIZATION_LEVEL = "-Onone";
			};
			name = Debug;
		};
		2DC6E9EA2B7B5DB1003C74AD /* Release */ = {
			isa = XCBuildConfiguration;
			buildSettings = {
				ALWAYS_SEARCH_USER_PATHS = NO;
				ASSETCATALOG_COMPILER_GENERATE_SWIFT_ASSET_SYMBOL_EXTENSIONS = YES;
				CLANG_ANALYZER_NONNULL = YES;
				CLANG_ANALYZER_NUMBER_OBJECT_CONVERSION = YES_AGGRESSIVE;
				CLANG_CXX_LANGUAGE_STANDARD = "gnu++20";
				CLANG_ENABLE_MODULES = YES;
				CLANG_ENABLE_OBJC_ARC = YES;
				CLANG_ENABLE_OBJC_WEAK = YES;
				CLANG_WARN_BLOCK_CAPTURE_AUTORELEASING = YES;
				CLANG_WARN_BOOL_CONVERSION = YES;
				CLANG_WARN_COMMA = YES;
				CLANG_WARN_CONSTANT_CONVERSION = YES;
				CLANG_WARN_DEPRECATED_OBJC_IMPLEMENTATIONS = YES;
				CLANG_WARN_DIRECT_OBJC_ISA_USAGE = YES_ERROR;
				CLANG_WARN_DOCUMENTATION_COMMENTS = YES;
				CLANG_WARN_EMPTY_BODY = YES;
				CLANG_WARN_ENUM_CONVERSION = YES;
				CLANG_WARN_INFINITE_RECURSION = YES;
				CLANG_WARN_INT_CONVERSION = YES;
				CLANG_WARN_NON_LITERAL_NULL_CONVERSION = YES;
				CLANG_WARN_OBJC_IMPLICIT_RETAIN_SELF = YES;
				CLANG_WARN_OBJC_LITERAL_CONVERSION = YES;
				CLANG_WARN_OBJC_ROOT_CLASS = YES_ERROR;
				CLANG_WARN_QUOTED_INCLUDE_IN_FRAMEWORK_HEADER = YES;
				CLANG_WARN_RANGE_LOOP_ANALYSIS = YES;
				CLANG_WARN_STRICT_PROTOTYPES = YES;
				CLANG_WARN_SUSPICIOUS_MOVE = YES;
				CLANG_WARN_UNGUARDED_AVAILABILITY = YES_AGGRESSIVE;
				CLANG_WARN_UNREACHABLE_CODE = YES;
				CLANG_WARN__DUPLICATE_METHOD_MATCH = YES;
				COPY_PHASE_STRIP = NO;
				DEBUG_INFORMATION_FORMAT = "dwarf-with-dsym";
				ENABLE_NS_ASSERTIONS = NO;
				ENABLE_STRICT_OBJC_MSGSEND = YES;
				ENABLE_USER_SCRIPT_SANDBOXING = YES;
				GCC_C_LANGUAGE_STANDARD = gnu17;
				GCC_NO_COMMON_BLOCKS = YES;
				GCC_WARN_64_TO_32_BIT_CONVERSION = YES;
				GCC_WARN_ABOUT_RETURN_TYPE = YES_ERROR;
				GCC_WARN_UNDECLARED_SELECTOR = YES;
				GCC_WARN_UNINITIALIZED_AUTOS = YES_AGGRESSIVE;
				GCC_WARN_UNUSED_FUNCTION = YES;
				GCC_WARN_UNUSED_VARIABLE = YES;
				IPHONEOS_DEPLOYMENT_TARGET = 17.2;
				LOCALIZATION_PREFERS_STRING_CATALOGS = YES;
				MTL_ENABLE_DEBUG_INFO = NO;
				MTL_FAST_MATH = YES;
				SDKROOT = iphoneos;
				SWIFT_COMPILATION_MODE = wholemodule;
				VALIDATE_PRODUCT = YES;
			};
			name = Release;
		};
		2DC6E9EC2B7B5DB1003C74AD /* Debug */ = {
			isa = XCBuildConfiguration;
			buildSettings = {
				ASSETCATALOG_COMPILER_APPICON_NAME = AppIcon;
				ASSETCATALOG_COMPILER_GLOBAL_ACCENT_COLOR_NAME = AccentColor;
				CODE_SIGN_STYLE = Automatic;
				CURRENT_PROJECT_VERSION = 1;
				DEVELOPMENT_TEAM = C99MZRZS9Q;
				GENERATE_INFOPLIST_FILE = YES;
				INFOPLIST_FILE = MemoryQuest/Info.plist;
				INFOPLIST_KEY_UIApplicationSupportsIndirectInputEvents = YES;
				INFOPLIST_KEY_UILaunchStoryboardName = LaunchScreen;
				INFOPLIST_KEY_UISupportedInterfaceOrientations = UIInterfaceOrientationPortrait;
				IPHONEOS_DEPLOYMENT_TARGET = 15.0;
				LD_RUNPATH_SEARCH_PATHS = (
					"$(inherited)",
					"@executable_path/Frameworks",
				);
				MARKETING_VERSION = 1.0;
				PRODUCT_BUNDLE_IDENTIFIER = "I-m.MemoryQuest";
				PRODUCT_NAME = "$(TARGET_NAME)";
				SWIFT_EMIT_LOC_STRINGS = YES;
				SWIFT_VERSION = 5.0;
				TARGETED_DEVICE_FAMILY = "1,2";
			};
			name = Debug;
		};
		2DC6E9ED2B7B5DB1003C74AD /* Release */ = {
			isa = XCBuildConfiguration;
			buildSettings = {
				ASSETCATALOG_COMPILER_APPICON_NAME = AppIcon;
				ASSETCATALOG_COMPILER_GLOBAL_ACCENT_COLOR_NAME = AccentColor;
				CODE_SIGN_STYLE = Automatic;
				CURRENT_PROJECT_VERSION = 1;
				DEVELOPMENT_TEAM = C99MZRZS9Q;
				GENERATE_INFOPLIST_FILE = YES;
				INFOPLIST_FILE = MemoryQuest/Info.plist;
				INFOPLIST_KEY_UIApplicationSupportsIndirectInputEvents = YES;
				INFOPLIST_KEY_UILaunchStoryboardName = LaunchScreen;
				INFOPLIST_KEY_UISupportedInterfaceOrientations = UIInterfaceOrientationPortrait;
				IPHONEOS_DEPLOYMENT_TARGET = 15.0;
				LD_RUNPATH_SEARCH_PATHS = (
					"$(inherited)",
					"@executable_path/Frameworks",
				);
				MARKETING_VERSION = 1.0;
				PRODUCT_BUNDLE_IDENTIFIER = "I-m.MemoryQuest";
				PRODUCT_NAME = "$(TARGET_NAME)";
				SWIFT_EMIT_LOC_STRINGS = YES;
				SWIFT_VERSION = 5.0;
				TARGETED_DEVICE_FAMILY = "1,2";
			};
			name = Release;
		};
/* End XCBuildConfiguration section */

/* Begin XCConfigurationList section */
		2DC6E9D22B7B5DAD003C74AD /* Build configuration list for PBXProject "MemoryQuest" */ = {
			isa = XCConfigurationList;
			buildConfigurations = (
				2DC6E9E92B7B5DB1003C74AD /* Debug */,
				2DC6E9EA2B7B5DB1003C74AD /* Release */,
			);
			defaultConfigurationIsVisible = 0;
			defaultConfigurationName = Release;
		};
		2DC6E9EB2B7B5DB1003C74AD /* Build configuration list for PBXNativeTarget "MemoryQuest" */ = {
			isa = XCConfigurationList;
			buildConfigurations = (
				2DC6E9EC2B7B5DB1003C74AD /* Debug */,
				2DC6E9ED2B7B5DB1003C74AD /* Release */,
			);
			defaultConfigurationIsVisible = 0;
			defaultConfigurationName = Release;
		};
/* End XCConfigurationList section */
	};
	rootObject = 2DC6E9CF2B7B5DAD003C74AD /* Project object */;
}
